
Microsoft Visual Studio Solution File, Format Version 12.00
# Visual Studio 15
VisualStudioVersion = 15.0.28010.2046
MinimumVisualStudioVersion = 10.0.40219.1
Project("{FAE04EC0-301F-11D3-BF4B-00C04F79EFBC}") = "EFCore.Entity", "EFCore.Entity\EFCore.Entity.csproj", "{A98E7EBF-6522-411E-AA3D-9FF2CD708FBF}"
EndProject
Project("{FAE04EC0-301F-11D3-BF4B-00C04F79EFBC}") = "EFCore.Model", "EFCore.Model\EFCore.Model.csproj", "{CCA17134-9F9F-4BB9-8B0D-8A73946B5D88}"
EndProject
Project("{FAE04EC0-301F-11D3-BF4B-00C04F79EFBC}") = "EFCore.ViewModel", "EFCore.ViewModel\EFCore.ViewModel.csproj", "{0BB9CC8C-46C8-4B86-A115-B0C630385446}"
EndProject
Project("{FAE04EC0-301F-11D3-BF4B-00C04F79EFBC}") = "EFCore.Repository", "EFCore.Repository\EFCore.Repository.csproj", "{143E8793-A3E2-44DB-8E30-34B28915F9E5}"
EndProject
Project("{FAE04EC0-301F-11D3-BF4B-00C04F79EFBC}") = "EFCore.Repository.Interface", "EFCore.Repository.Interface\EFCore.Repository.Interface.csproj", "{A166E2E4-CD55-400F-A526-ED016493E3FA}"
EndProject
Project("{FAE04EC0-301F-11D3-BF4B-00C04F79EFBC}") = "EFCore.Service", "EFCore.Service\EFCore.Service.csproj", "{52AC0EC3-B3EB-4F12-981D-31E3B4E4B98B}"
EndProject
Project("{FAE04EC0-301F-11D3-BF4B-00C04F79EFBC}") = "EFCore.Service.Interface", "EFCore.Service.Interface\EFCore.Service.Interface.csproj", "{89449092-F842-4C45-854E-53DD84DADEC5}"
EndProject
Project("{FAE04EC0-301F-11D3-BF4B-00C04F79EFBC}") = "EFCore.Infrastructures.Repository", "EFCore.Infrastructures.Repository\EFCore.Infrastructures.Repository.csproj", "{73A10B39-EEAF-452E-8CCB-4C97C08CD4D3}"
EndProject
Project("{2150E333-8FDC-42A3-9474-1A3956D46DE8}") = "Infrastructures", "Infrastructures", "{D8F84504-9333-495F-B58A-BF8095C9ACC1}"
EndProject
Project("{2150E333-8FDC-42A3-9474-1A3956D46DE8}") = "Entity", "Entity", "{7A605F8E-13E9-4F1D-B4EE-39600EA55DE1}"
EndProject
Project("{2150E333-8FDC-42A3-9474-1A3956D46DE8}") = "Repository", "Repository", "{8B5AA25C-6C4C-410E-BD26-C4FD08B59531}"
EndProject
Project("{2150E333-8FDC-42A3-9474-1A3956D46DE8}") = "Service", "Service", "{07100163-4F99-4EC9-9721-0652E1184C7D}"
EndProject
Project("{FAE04EC0-301F-11D3-BF4B-00C04F79EFBC}") = "EFCore.Infrastructures.Util", "EFCore.Infrastructures.Util\EFCore.Infrastructures.Util.csproj", "{835508CA-9BAA-42CD-BBDE-A320464C794D}"
EndProject
Project("{FAE04EC0-301F-11D3-BF4B-00C04F79EFBC}") = "EFCore.Api", "EFCore.Api\EFCore.Api.csproj", "{21AFC059-8BEF-44CB-9AD5-D58FFDA2F004}"
EndProject
Global
	GlobalSection(SolutionConfigurationPlatforms) = preSolution
		Debug|Any CPU = Debug|Any CPU
		Release|Any CPU = Release|Any CPU
	EndGlobalSection
	GlobalSection(ProjectConfigurationPlatforms) = postSolution
		{A98E7EBF-6522-411E-AA3D-9FF2CD708FBF}.Debug|Any CPU.ActiveCfg = Debug|Any CPU
		{A98E7EBF-6522-411E-AA3D-9FF2CD708FBF}.Debug|Any CPU.Build.0 = Debug|Any CPU
		{A98E7EBF-6522-411E-AA3D-9FF2CD708FBF}.Release|Any CPU.ActiveCfg = Release|Any CPU
		{A98E7EBF-6522-411E-AA3D-9FF2CD708FBF}.Release|Any CPU.Build.0 = Release|Any CPU
		{CCA17134-9F9F-4BB9-8B0D-8A73946B5D88}.Debug|Any CPU.ActiveCfg = Debug|Any CPU
		{CCA17134-9F9F-4BB9-8B0D-8A73946B5D88}.Debug|Any CPU.Build.0 = Debug|Any CPU
		{CCA17134-9F9F-4BB9-8B0D-8A73946B5D88}.Release|Any CPU.ActiveCfg = Release|Any CPU
		{CCA17134-9F9F-4BB9-8B0D-8A73946B5D88}.Release|Any CPU.Build.0 = Release|Any CPU
		{0BB9CC8C-46C8-4B86-A115-B0C630385446}.Debug|Any CPU.ActiveCfg = Debug|Any CPU
		{0BB9CC8C-46C8-4B86-A115-B0C630385446}.Debug|Any CPU.Build.0 = Debug|Any CPU
		{0BB9CC8C-46C8-4B86-A115-B0C630385446}.Release|Any CPU.ActiveCfg = Release|Any CPU
		{0BB9CC8C-46C8-4B86-A115-B0C630385446}.Release|Any CPU.Build.0 = Release|Any CPU
		{143E8793-A3E2-44DB-8E30-34B28915F9E5}.Debug|Any CPU.ActiveCfg = Debug|Any CPU
		{143E8793-A3E2-44DB-8E30-34B28915F9E5}.Debug|Any CPU.Build.0 = Debug|Any CPU
		{143E8793-A3E2-44DB-8E30-34B28915F9E5}.Release|Any CPU.ActiveCfg = Release|Any CPU
		{143E8793-A3E2-44DB-8E30-34B28915F9E5}.Release|Any CPU.Build.0 = Release|Any CPU
		{A166E2E4-CD55-400F-A526-ED016493E3FA}.Debug|Any CPU.ActiveCfg = Debug|Any CPU
		{A166E2E4-CD55-400F-A526-ED016493E3FA}.Debug|Any CPU.Build.0 = Debug|Any CPU
		{A166E2E4-CD55-400F-A526-ED016493E3FA}.Release|Any CPU.ActiveCfg = Release|Any CPU
		{A166E2E4-CD55-400F-A526-ED016493E3FA}.Release|Any CPU.Build.0 = Release|Any CPU
		{52AC0EC3-B3EB-4F12-981D-31E3B4E4B98B}.Debug|Any CPU.ActiveCfg = Debug|Any CPU
		{52AC0EC3-B3EB-4F12-981D-31E3B4E4B98B}.Debug|Any CPU.Build.0 = Debug|Any CPU
		{52AC0EC3-B3EB-4F12-981D-31E3B4E4B98B}.Release|Any CPU.ActiveCfg = Release|Any CPU
		{52AC0EC3-B3EB-4F12-981D-31E3B4E4B98B}.Release|Any CPU.Build.0 = Release|Any CPU
		{89449092-F842-4C45-854E-53DD84DADEC5}.Debug|Any CPU.ActiveCfg = Debug|Any CPU
		{89449092-F842-4C45-854E-53DD84DADEC5}.Debug|Any CPU.Build.0 = Debug|Any CPU
		{89449092-F842-4C45-854E-53DD84DADEC5}.Release|Any CPU.ActiveCfg = Release|Any CPU
		{89449092-F842-4C45-854E-53DD84DADEC5}.Release|Any CPU.Build.0 = Release|Any CPU
		{73A10B39-EEAF-452E-8CCB-4C97C08CD4D3}.Debug|Any CPU.ActiveCfg = Debug|Any CPU
		{73A10B39-EEAF-452E-8CCB-4C97C08CD4D3}.Debug|Any CPU.Build.0 = Debug|Any CPU
		{73A10B39-EEAF-452E-8CCB-4C97C08CD4D3}.Release|Any CPU.ActiveCfg = Release|Any CPU
		{73A10B39-EEAF-452E-8CCB-4C97C08CD4D3}.Release|Any CPU.Build.0 = Release|Any CPU
		{835508CA-9BAA-42CD-BBDE-A320464C794D}.Debug|Any CPU.ActiveCfg = Debug|Any CPU
		{835508CA-9BAA-42CD-BBDE-A320464C794D}.Debug|Any CPU.Build.0 = Debug|Any CPU
		{835508CA-9BAA-42CD-BBDE-A320464C794D}.Release|Any CPU.ActiveCfg = Release|Any CPU
		{835508CA-9BAA-42CD-BBDE-A320464C794D}.Release|Any CPU.Build.0 = Release|Any CPU
		{21AFC059-8BEF-44CB-9AD5-D58FFDA2F004}.Debug|Any CPU.ActiveCfg = Debug|Any CPU
		{21AFC059-8BEF-44CB-9AD5-D58FFDA2F004}.Debug|Any CPU.Build.0 = Debug|Any CPU
		{21AFC059-8BEF-44CB-9AD5-D58FFDA2F004}.Release|Any CPU.ActiveCfg = Release|Any CPU
		{21AFC059-8BEF-44CB-9AD5-D58FFDA2F004}.Release|Any CPU.Build.0 = Release|Any CPU
	EndGlobalSection
	GlobalSection(SolutionProperties) = preSolution
		HideSolutionNode = FALSE
	EndGlobalSection
	GlobalSection(NestedProjects) = preSolution
		{A98E7EBF-6522-411E-AA3D-9FF2CD708FBF} = {7A605F8E-13E9-4F1D-B4EE-39600EA55DE1}
		{CCA17134-9F9F-4BB9-8B0D-8A73946B5D88} = {7A605F8E-13E9-4F1D-B4EE-39600EA55DE1}
		{0BB9CC8C-46C8-4B86-A115-B0C630385446} = {7A605F8E-13E9-4F1D-B4EE-39600EA55DE1}
		{143E8793-A3E2-44DB-8E30-34B28915F9E5} = {8B5AA25C-6C4C-410E-BD26-C4FD08B59531}
		{A166E2E4-CD55-400F-A526-ED016493E3FA} = {8B5AA25C-6C4C-410E-BD26-C4FD08B59531}
		{52AC0EC3-B3EB-4F12-981D-31E3B4E4B98B} = {07100163-4F99-4EC9-9721-0652E1184C7D}
		{89449092-F842-4C45-854E-53DD84DADEC5} = {07100163-4F99-4EC9-9721-0652E1184C7D}
		{73A10B39-EEAF-452E-8CCB-4C97C08CD4D3} = {D8F84504-9333-495F-B58A-BF8095C9ACC1}
		{835508CA-9BAA-42CD-BBDE-A320464C794D} = {D8F84504-9333-495F-B58A-BF8095C9ACC1}
	EndGlobalSection
	GlobalSection(ExtensibilityGlobals) = postSolution
		SolutionGuid = {1ABC45AC-3489-4DC1-8BD8-73111CD7617A}
	EndGlobalSection
EndGlobal
